
Microsoft Visual Studio Solution File, Format Version 12.00
# Visual Studio Version 16
VisualStudioVersion = 16.0.30309.148
MinimumVisualStudioVersion = 10.0.40219.1
Project("{9A19103F-16F7-4668-BE54-9A1E7A4F7556}") = "ServingDataTheRightWay.Web", "ServingDataTheRightWay.Web\ServingDataTheRightWay.Web.csproj", "{B6025E31-6E5F-41DE-8AD0-A232CBFFE0D0}"
EndProject
Project("{9A19103F-16F7-4668-BE54-9A1E7A4F7556}") = "ServingDataTheRightWay.Data", "ServingDataTheRightWay.Data\ServingDataTheRightWay.Data.csproj", "{7E5AEB09-9E76-468F-A84E-23AF6C12F250}"
EndProject
Project("{9A19103F-16F7-4668-BE54-9A1E7A4F7556}") = "ServingDataTheRightWay.Web.Api", "ServingDataTheRightWay.Web.Api\ServingDataTheRightWay.Web.Api.csproj", "{3F1D2BF1-4995-4899-B3F4-FAF99AABEF4D}"
EndProject
Global
	GlobalSection(SolutionConfigurationPlatforms) = preSolution
		Debug|Any CPU = Debug|Any CPU
		Release|Any CPU = Release|Any CPU
	EndGlobalSection
	GlobalSection(ProjectConfigurationPlatforms) = postSolution
		{B6025E31-6E5F-41DE-8AD0-A232CBFFE0D0}.Debug|Any CPU.ActiveCfg = Debug|Any CPU
		{B6025E31-6E5F-41DE-8AD0-A232CBFFE0D0}.Debug|Any CPU.Build.0 = Debug|Any CPU
		{B6025E31-6E5F-41DE-8AD0-A232CBFFE0D0}.Release|Any CPU.ActiveCfg = Release|Any CPU
		{B6025E31-6E5F-41DE-8AD0-A232CBFFE0D0}.Release|Any CPU.Build.0 = Release|Any CPU
		{7E5AEB09-9E76-468F-A84E-23AF6C12F250}.Debug|Any CPU.ActiveCfg = Debug|Any CPU
		{7E5AEB09-9E76-468F-A84E-23AF6C12F250}.Debug|Any CPU.Build.0 = Debug|Any CPU
		{7E5AEB09-9E76-468F-A84E-23AF6C12F250}.Release|Any CPU.ActiveCfg = Release|Any CPU
		{7E5AEB09-9E76-468F-A84E-23AF6C12F250}.Release|Any CPU.Build.0 = Release|Any CPU
		{3F1D2BF1-4995-4899-B3F4-FAF99AABEF4D}.Debug|Any CPU.ActiveCfg = Debug|Any CPU
		{3F1D2BF1-4995-4899-B3F4-FAF99AABEF4D}.Debug|Any CPU.Build.0 = Debug|Any CPU
		{3F1D2BF1-4995-4899-B3F4-FAF99AABEF4D}.Release|Any CPU.ActiveCfg = Release|Any CPU
		{3F1D2BF1-4995-4899-B3F4-FAF99AABEF4D}.Release|Any CPU.Build.0 = Release|Any CPU
	EndGlobalSection
	GlobalSection(SolutionProperties) = preSolution
		HideSolutionNode = FALSE
	EndGlobalSection
	GlobalSection(ExtensibilityGlobals) = postSolution
		SolutionGuid = {F61FA2B6-B9D3-4352-B3C4-8637D441EFF8}
	EndGlobalSection
EndGlobal
